
Microsoft Visual Studio Solution File, Format Version 12.00
# Visual Studio 15
VisualStudioVersion = 15.0.27703.2000
MinimumVisualStudioVersion = 10.0.40219.1
Project("{8BC9CEB8-8B4A-11D0-8D11-00A0C91BC942}") = "Mr.Buck GB", "Mr.Buck GB\Mr.Buck GB.vcxproj", "{4388B3D8-3325-4532-AB71-45CC1923F09E}"
EndProject
Global
	GlobalSection(SolutionConfigurationPlatforms) = preSolution
		Debug|x64 = Debug|x64
		Debug|x86 = Debug|x86
		Release|x64 = Release|x64
		Release|x86 = Release|x86
	EndGlobalSection
	GlobalSection(ProjectConfigurationPlatforms) = postSolution
		{4388B3D8-3325-4532-AB71-45CC1923F09E}.Debug|x64.ActiveCfg = Debug|x64
		{4388B3D8-3325-4532-AB71-45CC1923F09E}.Debug|x64.Build.0 = Debug|x64
		{4388B3D8-3325-4532-AB71-45CC1923F09E}.Debug|x86.ActiveCfg = Debug|Win32
		{4388B3D8-3325-4532-AB71-45CC1923F09E}.Debug|x86.Build.0 = Debug|Win32
		{4388B3D8-3325-4532-AB71-45CC1923F09E}.Release|x64.ActiveCfg = Release|x64
		{4388B3D8-3325-4532-AB71-45CC1923F09E}.Release|x64.Build.0 = Release|x64
		{4388B3D8-3325-4532-AB71-45CC1923F09E}.Release|x86.ActiveCfg = Release|Win32
		{4388B3D8-3325-4532-AB71-45CC1923F09E}.Release|x86.Build.0 = Release|Win32
	EndGlobalSection
	GlobalSection(SolutionProperties) = preSolution
		HideSolutionNode = FALSE
	EndGlobalSection
	GlobalSection(ExtensibilityGlobals) = postSolution
		SolutionGuid = {7AA62552-A62F-4292-AEDE-33C172B3DB8E}
	EndGlobalSection
	GlobalSection(Performance) = preSolution
		HasPerformanceSessions = true
	EndGlobalSection
EndGlobal
